
Microsoft Visual Studio Solution File, Format Version 12.00
# Visual Studio 2012
Project("{FAE04EC0-301F-11D3-BF4B-00C04F79EFBC}") = "Texter2", "Texter2\Texter2.csproj", "{96DACC38-A2DC-47DF-BE0A-2D4499A201BE}"
EndProject
Global
	GlobalSection(SolutionConfigurationPlatforms) = preSolution
		Debug|Any CPU = Debug|Any CPU
		Release|Any CPU = Release|Any CPU
	EndGlobalSection
	GlobalSection(ProjectConfigurationPlatforms) = postSolution
		{96DACC38-A2DC-47DF-BE0A-2D4499A201BE}.Debug|Any CPU.ActiveCfg = Debug|Any CPU
		{96DACC38-A2DC-47DF-BE0A-2D4499A201BE}.Debug|Any CPU.Build.0 = Debug|Any CPU
		{96DACC38-A2DC-47DF-BE0A-2D4499A201BE}.Release|Any CPU.ActiveCfg = Release|Any CPU
		{96DACC38-A2DC-47DF-BE0A-2D4499A201BE}.Release|Any CPU.Build.0 = Release|Any CPU
	EndGlobalSection
EndGlobal
